
Microsoft Visual Studio Solution File, Format Version 12.00
# Visual Studio 15
VisualStudioVersion = 15.0.28307.539
MinimumVisualStudioVersion = 10.0.40219.1
Project("{FAE04EC0-301F-11D3-BF4B-00C04F79EFBC}") = "TicTacToe", "TicTacToe\TicTacToe.csproj", "{68276589-CE6B-4D9D-B8C7-68BC030977C1}"
EndProject
Project("{FAE04EC0-301F-11D3-BF4B-00C04F79EFBC}") = "TicTacToeUnitTesting", "TicTacToeUnitTesting\TicTacToeUnitTesting.csproj", "{8FD34A67-9692-4093-8BAF-3D6E492AC25D}"
EndProject
Global
	GlobalSection(SolutionConfigurationPlatforms) = preSolution
		Debug|Any CPU = Debug|Any CPU
		Release|Any CPU = Release|Any CPU
	EndGlobalSection
	GlobalSection(ProjectConfigurationPlatforms) = postSolution
		{68276589-CE6B-4D9D-B8C7-68BC030977C1}.Debug|Any CPU.ActiveCfg = Debug|Any CPU
		{68276589-CE6B-4D9D-B8C7-68BC030977C1}.Debug|Any CPU.Build.0 = Debug|Any CPU
		{68276589-CE6B-4D9D-B8C7-68BC030977C1}.Release|Any CPU.ActiveCfg = Release|Any CPU
		{68276589-CE6B-4D9D-B8C7-68BC030977C1}.Release|Any CPU.Build.0 = Release|Any CPU
		{8FD34A67-9692-4093-8BAF-3D6E492AC25D}.Debug|Any CPU.ActiveCfg = Debug|Any CPU
		{8FD34A67-9692-4093-8BAF-3D6E492AC25D}.Debug|Any CPU.Build.0 = Debug|Any CPU
		{8FD34A67-9692-4093-8BAF-3D6E492AC25D}.Release|Any CPU.ActiveCfg = Release|Any CPU
		{8FD34A67-9692-4093-8BAF-3D6E492AC25D}.Release|Any CPU.Build.0 = Release|Any CPU
	EndGlobalSection
	GlobalSection(SolutionProperties) = preSolution
		HideSolutionNode = FALSE
	EndGlobalSection
	GlobalSection(ExtensibilityGlobals) = postSolution
		SolutionGuid = {D044739C-7824-49FA-8403-314E56018759}
	EndGlobalSection
EndGlobal
